PODS:
  - AFNetworking (2.6.3):
    - AFNetworking/NSURLConnection (= 2.6.3)
    - AFNetworking/NSURLSession (= 2.6.3)
    - AFNetworking/Reachability (= 2.6.3)
    - AFNetworking/Security (= 2.6.3)
    - AFNetworking/Serialization (= 2.6.3)
    - AFNetworking/UIKit (= 2.6.3)
  - AFNetworking/NSURLConnection (2.6.3):
    - AFNetworking/Reachability
    - AFNetworking/Security
    - AFNetworking/Serialization
  - AFNetworking/NSURLSession (2.6.3):
    - AFNetworking/Reachability
    - AFNetworking/Security
    - AFNetworking/Serialization
  - AFNetworking/Reachability (2.6.3)
  - AFNetworking/Security (2.6.3)
  - AFNetworking/Serialization (2.6.3)
  - AFNetworking/UIKit (2.6.3):
    - AFNetworking/NSURLConnection
    - AFNetworking/NSURLSession
  - CareKit (1.2.1)
  - CloudMine (1.7.16):
    - AFNetworking (~> 2.6.3)
    - CloudMine/no-arc (= 1.7.16)
  - CloudMine/no-arc (1.7.16):
    - AFNetworking (~> 2.6.3)
  - CMHealth (0.6.0):
    - CareKit (~> 1.2)
    - CloudMine (~> 1.7.16)
    - ResearchKit (~> 1.3)
  - ResearchKit (1.5.2)
  - SwiftValidator (4.0.1)
  - TPKeyboardAvoiding (1.3.1)

DEPENDENCIES:
  - CMHealth (from `git@github.com:cloudmine/CMHealthSDK-iOS.git`)
  - SwiftValidator (from `git@github.com:jpotts18/SwiftValidator.git`, branch `swift3-dave`)
  - TPKeyboardAvoiding (~> 1.3)

EXTERNAL SOURCES:
  CMHealth:
    :git: git@github.com:cloudmine/CMHealthSDK-iOS.git
  SwiftValidator:
    :branch: swift3-dave
    :git: git@github.com:jpotts18/SwiftValidator.git

CHECKOUT OPTIONS:
  CMHealth:
    :commit: 65d69aa1581aef3ced6c8a60dd20e756fd7d105f
    :git: git@github.com:cloudmine/CMHealthSDK-iOS.git
  SwiftValidator:
    :commit: 761df17e0439330d6b7a22b344865d131a82d8c9
    :git: git@github.com:jpotts18/SwiftValidator.git

SPEC CHECKSUMS:
  AFNetworking: cb8d14a848e831097108418f5d49217339d4eb60
  CareKit: aa0c8a57c1a2d7cfb46ff3981fe1503f02ca302e
  CloudMine: aa3a609ab22eec132ff446839da0f97072d6b4ec
  CMHealth: 32b5fc2959fbfcd69c33cac5f8d3a43967d60b34
  ResearchKit: a5770681dd61afddd3d1f24d232b9abf00cba454
  SwiftValidator: 3222cfb27524e8e9529d10386e3f7fcf6e0d7bd7
  TPKeyboardAvoiding: 0d6af20e95e2850f4c621841225b59ec7d8dd852

PODFILE CHECKSUM: 5cb096280043ed9775eb33e9fbc23730f8e739b3

COCOAPODS: 1.2.1
