PODS:
  - AFNetworking (2.6.3):
    - AFNetworking/NSURLConnection (= 2.6.3)
    - AFNetworking/NSURLSession (= 2.6.3)
    - AFNetworking/Reachability (= 2.6.3)
    - AFNetworking/Security (= 2.6.3)
    - AFNetworking/Serialization (= 2.6.3)
    - AFNetworking/UIKit (= 2.6.3)
  - AFNetworking/NSURLConnection (2.6.3):
    - AFNetworking/Reachability
    - AFNetworking/Security
    - AFNetworking/Serialization
  - AFNetworking/NSURLSession (2.6.3):
    - AFNetworking/Reachability
    - AFNetworking/Security
    - AFNetworking/Serialization
  - AFNetworking/Reachability (2.6.3)
  - AFNetworking/Security (2.6.3)
  - AFNetworking/Serialization (2.6.3)
  - AFNetworking/UIKit (2.6.3):
    - AFNetworking/NSURLConnection
    - AFNetworking/NSURLSession
  - CareKit (1.2.0)
  - CloudMine (1.7.15):
    - AFNetworking (~> 2.6.3)
    - CloudMine/no-arc (= 1.7.15)
  - CloudMine/no-arc (1.7.15):
    - AFNetworking (~> 2.6.3)
  - CMHealth (0.6.0):
    - CareKit (~> 1.2)
    - CloudMine (~> 1.7)
    - ResearchKit (~> 1.3)
  - ResearchKit (1.4.1)
  - SwiftValidator (4.0.1)
  - TPKeyboardAvoiding (1.3.1)

DEPENDENCIES:
  - CareKit (from `git@github.com:cloudmine/CareKit.git`, branch `cm-patched-pull`)
  - CloudMine (from `git@github.com:apbendi/cloudmine-ios.git`, branch `img-acl`)
  - CMHealth (from `git@github.com:cloudmine/CMHealthSDK-iOS.git`, branch `photo-share`)
  - SwiftValidator (from `git@github.com:jpotts18/SwiftValidator.git`, branch `swift3-dave`)
  - TPKeyboardAvoiding (~> 1.3)

EXTERNAL SOURCES:
  CareKit:
    :branch: cm-patched-pull
    :git: git@github.com:cloudmine/CareKit.git
  CloudMine:
    :branch: img-acl
    :git: git@github.com:apbendi/cloudmine-ios.git
  CMHealth:
    :branch: photo-share
    :git: git@github.com:cloudmine/CMHealthSDK-iOS.git
  SwiftValidator:
    :branch: swift3-dave
    :git: git@github.com:jpotts18/SwiftValidator.git

CHECKOUT OPTIONS:
  CareKit:
    :commit: d635f914d287b8c2a2d5823ce78e7e3cbd641de5
    :git: git@github.com:cloudmine/CareKit.git
  CloudMine:
    :commit: e3a3543dd1c8e1ede53c5c5e11fdcfaf2454d3f2
    :git: git@github.com:apbendi/cloudmine-ios.git
  CMHealth:
    :commit: 8c4d7f9154536e63cfb17dcb8367c6a4a79d51d7
    :git: git@github.com:cloudmine/CMHealthSDK-iOS.git
  SwiftValidator:
    :commit: 761df17e0439330d6b7a22b344865d131a82d8c9
    :git: git@github.com:jpotts18/SwiftValidator.git

SPEC CHECKSUMS:
  AFNetworking: cb8d14a848e831097108418f5d49217339d4eb60
  CareKit: 94c2322c43a138c5334bd41853d009cf1b8fefb5
  CloudMine: a465ed5e1d37385bd076aad15407afef3c686041
  CMHealth: c7a513beb7af2befab8e0cc1be2accad1fabcdd8
  ResearchKit: 3533ea3a2270e4ed7ff830e19755dc959fdfd430
  SwiftValidator: 3222cfb27524e8e9529d10386e3f7fcf6e0d7bd7
  TPKeyboardAvoiding: 0d6af20e95e2850f4c621841225b59ec7d8dd852

PODFILE CHECKSUM: 0cdbd78a8050376f7a0895efccf3307c4f88db73

COCOAPODS: 1.2.1
