// !$*UTF8*$!
{
	archiveVersion = 1;
	classes = {
	};
	objectVersion = 46;
	objects = {

/* Begin PBXBuildFile section */
		62E0C9B8F175D9C2BDBA1489 /* Pods_BackPortalTests.framework in Frameworks */ = {isa = PBXBuildFile; fileRef = BBB4850FC2AFCB732D18AAF8 /* Pods_BackPortalTests.framework */; };
		995FB5B058816FAAFF7AFD43 /* Pods_BackPortal.framework in Frameworks */ = {isa = PBXBuildFile; fileRef = A474FD433B318CE2030B2915 /* Pods_BackPortal.framework */; };
		B41DC00F1EF2D9CC00B7DAE9 /* PortalSecrets.swift in Sources */ = {isa = PBXBuildFile; fileRef = B41DC00E1EF2D9CC00B7DAE9 /* PortalSecrets.swift */; };
		B41DC0121EF2DDB800B7DAE9 /* Authentication.storyboard in Resources */ = {isa = PBXBuildFile; fileRef = B41DC0141EF2DDB800B7DAE9 /* Authentication.storyboard */; };
		B41DC0161EF2DE3D00B7DAE9 /* DispatchUtils.swift in Sources */ = {isa = PBXBuildFile; fileRef = B41DC0151EF2DE3D00B7DAE9 /* DispatchUtils.swift */; };
		B41DC0181EF2DF5900B7DAE9 /* AuthViewController.swift in Sources */ = {isa = PBXBuildFile; fileRef = B41DC0171EF2DF5900B7DAE9 /* AuthViewController.swift */; };
		B41DC01A1EF2E3F200B7DAE9 /* AlertUtils.swift in Sources */ = {isa = PBXBuildFile; fileRef = B41DC0191EF2E3F200B7DAE9 /* AlertUtils.swift */; };
		B41DC01D1EF2FAC900B7DAE9 /* MainPanel.storyboard in Resources */ = {isa = PBXBuildFile; fileRef = B41DC01F1EF2FAC900B7DAE9 /* MainPanel.storyboard */; };
		B41DC0211EF2FB6500B7DAE9 /* MainPanelViewController.swift in Sources */ = {isa = PBXBuildFile; fileRef = B41DC0201EF2FB6500B7DAE9 /* MainPanelViewController.swift */; };
		B41DC0241EF2FD9100B7DAE9 /* Account.storyboard in Resources */ = {isa = PBXBuildFile; fileRef = B41DC0261EF2FD9100B7DAE9 /* Account.storyboard */; };
		B41DC0281EF2FE0600B7DAE9 /* AccountViewController.swift in Sources */ = {isa = PBXBuildFile; fileRef = B41DC0271EF2FE0600B7DAE9 /* AccountViewController.swift */; };
		B41DC02B1EF324E500B7DAE9 /* Patients.storyboard in Resources */ = {isa = PBXBuildFile; fileRef = B41DC02D1EF324E500B7DAE9 /* Patients.storyboard */; };
		B41DC02F1EF325E600B7DAE9 /* PatientSplitViewController.swift in Sources */ = {isa = PBXBuildFile; fileRef = B41DC02E1EF325E600B7DAE9 /* PatientSplitViewController.swift */; };
		B41DC0311EF32A8B00B7DAE9 /* PatientListViewController.swift in Sources */ = {isa = PBXBuildFile; fileRef = B41DC0301EF32A8B00B7DAE9 /* PatientListViewController.swift */; };
		B41DC0331EF3306900B7DAE9 /* PatientCell.swift in Sources */ = {isa = PBXBuildFile; fileRef = B41DC0321EF3306900B7DAE9 /* PatientCell.swift */; };
		B4297EDD1EF2D1D300A0DE1F /* PortalAppDelegate.swift in Sources */ = {isa = PBXBuildFile; fileRef = B4297EDC1EF2D1D300A0DE1F /* PortalAppDelegate.swift */; };
		B4297EE41EF2D1D300A0DE1F /* Assets.xcassets in Resources */ = {isa = PBXBuildFile; fileRef = B4297EE31EF2D1D300A0DE1F /* Assets.xcassets */; };
		B4297EF21EF2D1D300A0DE1F /* BackPortalTests.swift in Sources */ = {isa = PBXBuildFile; fileRef = B4297EF11EF2D1D300A0DE1F /* BackPortalTests.swift */; };
		B4297EFD1EF2D1D300A0DE1F /* BackPortalUITests.swift in Sources */ = {isa = PBXBuildFile; fileRef = B4297EFC1EF2D1D300A0DE1F /* BackPortalUITests.swift */; };
		B4297F131EF2D4D500A0DE1F /* Launch.storyboard in Resources */ = {isa = PBXBuildFile; fileRef = B4297F151EF2D4D500A0DE1F /* Launch.storyboard */; };
		B4297F181EF2D5FF00A0DE1F /* Application.storyboard in Resources */ = {isa = PBXBuildFile; fileRef = B4297F1A1EF2D5FF00A0DE1F /* Application.storyboard */; };
		B4297F1D1EF2D63C00A0DE1F /* ApplicationViewController.swift in Sources */ = {isa = PBXBuildFile; fileRef = B4297F1C1EF2D63C00A0DE1F /* ApplicationViewController.swift */; };
		B45316531EF83E0A004A8FD9 /* PatientDetailViewController.swift in Sources */ = {isa = PBXBuildFile; fileRef = B45316521EF83E0A004A8FD9 /* PatientDetailViewController.swift */; };
		B45316551EF847EB004A8FD9 /* NoSelectionViewController.swift in Sources */ = {isa = PBXBuildFile; fileRef = B45316541EF847EB004A8FD9 /* NoSelectionViewController.swift */; };
		B45316571EF84D46004A8FD9 /* UIViewController+Portal.swift in Sources */ = {isa = PBXBuildFile; fileRef = B45316561EF84D46004A8FD9 /* UIViewController+Portal.swift */; };
		B45316591EF84F87004A8FD9 /* PatientMasterNavController.swift in Sources */ = {isa = PBXBuildFile; fileRef = B45316581EF84F87004A8FD9 /* PatientMasterNavController.swift */; };
		B453165B1EF97A7D004A8FD9 /* InterventionCell.swift in Sources */ = {isa = PBXBuildFile; fileRef = B453165A1EF97A7D004A8FD9 /* InterventionCell.swift */; };
		B46FEA1B1EFB03C900F9D09E /* AssessmentCell.swift in Sources */ = {isa = PBXBuildFile; fileRef = B46FEA1A1EFB03C900F9D09E /* AssessmentCell.swift */; };
		B46FEA1E1EFC15C100F9D09E /* AssessmentTasks.swift in Sources */ = {isa = PBXBuildFile; fileRef = B46FEA1D1EFC15C100F9D09E /* AssessmentTasks.swift */; };
		B499F9EC1F01568900A76098 /* Date+Portal.swift in Sources */ = {isa = PBXBuildFile; fileRef = B499F9EB1F01568900A76098 /* Date+Portal.swift */; };
		B499F9EE1F016D8000A76098 /* ActivitiesHeader.swift in Sources */ = {isa = PBXBuildFile; fileRef = B499F9ED1F016D8000A76098 /* ActivitiesHeader.swift */; };
		B499F9F01F0179CE00A76098 /* NewActivityTasks.swift in Sources */ = {isa = PBXBuildFile; fileRef = B499F9EF1F0179CE00A76098 /* NewActivityTasks.swift */; };
		B4C2BE1C1EF823D200E70A31 /* ActiviesViewController.swift in Sources */ = {isa = PBXBuildFile; fileRef = B4C2BE1B1EF823D200E70A31 /* ActiviesViewController.swift */; };
		B4C2BE1E1EF8328100E70A31 /* PatientDetailNavController.swift in Sources */ = {isa = PBXBuildFile; fileRef = B4C2BE1D1EF8328100E70A31 /* PatientDetailNavController.swift */; };
		E3E647F8FB412EE4983BFCCF /* Pods_BackPortalUITests.framework in Frameworks */ = {isa = PBXBuildFile; fileRef = 6B9CB4F026613D1FC355F9B5 /* Pods_BackPortalUITests.framework */; };
/* End PBXBuildFile section */

/* Begin PBXContainerItemProxy section */
		B4297EEE1EF2D1D300A0DE1F /* PBXContainerItemProxy */ = {
			isa = PBXContainerItemProxy;
			containerPortal = B4297ED11EF2D1D300A0DE1F /* Project object */;
			proxyType = 1;
			remoteGlobalIDString = B4297ED81EF2D1D300A0DE1F;
			remoteInfo = BackPortal;
		};
		B4297EF91EF2D1D300A0DE1F /* PBXContainerItemProxy */ = {
			isa = PBXContainerItemProxy;
			containerPortal = B4297ED11EF2D1D300A0DE1F /* Project object */;
			proxyType = 1;
			remoteGlobalIDString = B4297ED81EF2D1D300A0DE1F;
			remoteInfo = BackPortal;
		};
/* End PBXContainerItemProxy section */

/* Begin PBXFileReference section */
		0E9C3BFA2CE229F514A208F4 /* Pods-BackPortalUITests.debug.xcconfig */ = {isa = PBXFileReference; includeInIndex = 1; lastKnownFileType = text.xcconfig; name = "Pods-BackPortalUITests.debug.xcconfig"; path = "Pods/Target Support Files/Pods-BackPortalUITests/Pods-BackPortalUITests.debug.xcconfig"; sourceTree = "<group>"; };
		6B9CB4F026613D1FC355F9B5 /* Pods_BackPortalUITests.framework */ = {isa = PBXFileReference; explicitFileType = wrapper.framework; includeInIndex = 0; path = Pods_BackPortalUITests.framework; sourceTree = BUILT_PRODUCTS_DIR; };
		75148C20DE6AC9B502B9E0BF /* Pods-BackPortalTests.debug.xcconfig */ = {isa = PBXFileReference; includeInIndex = 1; lastKnownFileType = text.xcconfig; name = "Pods-BackPortalTests.debug.xcconfig"; path = "Pods/Target Support Files/Pods-BackPortalTests/Pods-BackPortalTests.debug.xcconfig"; sourceTree = "<group>"; };
		A474FD433B318CE2030B2915 /* Pods_BackPortal.framework */ = {isa = PBXFileReference; explicitFileType = wrapper.framework; includeInIndex = 0; path = Pods_BackPortal.framework; sourceTree = BUILT_PRODUCTS_DIR; };
		B41DC00E1EF2D9CC00B7DAE9 /* PortalSecrets.swift */ = {isa = PBXFileReference; fileEncoding = 4; lastKnownFileType = sourcecode.swift; path = PortalSecrets.swift; sourceTree = "<group>"; };
		B41DC0131EF2DDB800B7DAE9 /* Base */ = {isa = PBXFileReference; lastKnownFileType = file.storyboard; name = Base; path = Base.lproj/Authentication.storyboard; sourceTree = "<group>"; };
		B41DC0151EF2DE3D00B7DAE9 /* DispatchUtils.swift */ = {isa = PBXFileReference; fileEncoding = 4; lastKnownFileType = sourcecode.swift; path = DispatchUtils.swift; sourceTree = "<group>"; };
		B41DC0171EF2DF5900B7DAE9 /* AuthViewController.swift */ = {isa = PBXFileReference; fileEncoding = 4; lastKnownFileType = sourcecode.swift; path = AuthViewController.swift; sourceTree = "<group>"; };
		B41DC0191EF2E3F200B7DAE9 /* AlertUtils.swift */ = {isa = PBXFileReference; fileEncoding = 4; lastKnownFileType = sourcecode.swift; path = AlertUtils.swift; sourceTree = "<group>"; };
		B41DC01E1EF2FAC900B7DAE9 /* Base */ = {isa = PBXFileReference; lastKnownFileType = file.storyboard; name = Base; path = Base.lproj/MainPanel.storyboard; sourceTree = "<group>"; };
		B41DC0201EF2FB6500B7DAE9 /* MainPanelViewController.swift */ = {isa = PBXFileReference; fileEncoding = 4; lastKnownFileType = sourcecode.swift; path = MainPanelViewController.swift; sourceTree = "<group>"; };
		B41DC0251EF2FD9100B7DAE9 /* Base */ = {isa = PBXFileReference; lastKnownFileType = file.storyboard; name = Base; path = Base.lproj/Account.storyboard; sourceTree = "<group>"; };
		B41DC0271EF2FE0600B7DAE9 /* AccountViewController.swift */ = {isa = PBXFileReference; fileEncoding = 4; lastKnownFileType = sourcecode.swift; path = AccountViewController.swift; sourceTree = "<group>"; };
		B41DC02C1EF324E500B7DAE9 /* Base */ = {isa = PBXFileReference; lastKnownFileType = file.storyboard; name = Base; path = Base.lproj/Patients.storyboard; sourceTree = "<group>"; };
		B41DC02E1EF325E600B7DAE9 /* PatientSplitViewController.swift */ = {isa = PBXFileReference; fileEncoding = 4; lastKnownFileType = sourcecode.swift; path = PatientSplitViewController.swift; sourceTree = "<group>"; };
		B41DC0301EF32A8B00B7DAE9 /* PatientListViewController.swift */ = {isa = PBXFileReference; fileEncoding = 4; lastKnownFileType = sourcecode.swift; path = PatientListViewController.swift; sourceTree = "<group>"; };
		B41DC0321EF3306900B7DAE9 /* PatientCell.swift */ = {isa = PBXFileReference; fileEncoding = 4; lastKnownFileType = sourcecode.swift; path = PatientCell.swift; sourceTree = "<group>"; };
		B4297ED91EF2D1D300A0DE1F /* BackPortal.app */ = {isa = PBXFileReference; explicitFileType = wrapper.application; includeInIndex = 0; path = BackPortal.app; sourceTree = BUILT_PRODUCTS_DIR; };
		B4297EDC1EF2D1D300A0DE1F /* PortalAppDelegate.swift */ = {isa = PBXFileReference; lastKnownFileType = sourcecode.swift; path = PortalAppDelegate.swift; sourceTree = "<group>"; };
		B4297EE31EF2D1D300A0DE1F /* Assets.xcassets */ = {isa = PBXFileReference; lastKnownFileType = folder.assetcatalog; path = Assets.xcassets; sourceTree = "<group>"; };
		B4297EE81EF2D1D300A0DE1F /* Info.plist */ = {isa = PBXFileReference; lastKnownFileType = text.plist.xml; path = Info.plist; sourceTree = "<group>"; };
		B4297EED1EF2D1D300A0DE1F /* BackPortalTests.xctest */ = {isa = PBXFileReference; explicitFileType = wrapper.cfbundle; includeInIndex = 0; path = BackPortalTests.xctest; sourceTree = BUILT_PRODUCTS_DIR; };
		B4297EF11EF2D1D300A0DE1F /* BackPortalTests.swift */ = {isa = PBXFileReference; lastKnownFileType = sourcecode.swift; path = BackPortalTests.swift; sourceTree = "<group>"; };
		B4297EF31EF2D1D300A0DE1F /* Info.plist */ = {isa = PBXFileReference; lastKnownFileType = text.plist.xml; path = Info.plist; sourceTree = "<group>"; };
		B4297EF81EF2D1D300A0DE1F /* BackPortalUITests.xctest */ = {isa = PBXFileReference; explicitFileType = wrapper.cfbundle; includeInIndex = 0; path = BackPortalUITests.xctest; sourceTree = BUILT_PRODUCTS_DIR; };
		B4297EFC1EF2D1D300A0DE1F /* BackPortalUITests.swift */ = {isa = PBXFileReference; lastKnownFileType = sourcecode.swift; path = BackPortalUITests.swift; sourceTree = "<group>"; };
		B4297EFE1EF2D1D300A0DE1F /* Info.plist */ = {isa = PBXFileReference; lastKnownFileType = text.plist.xml; path = Info.plist; sourceTree = "<group>"; };
		B4297F141EF2D4D500A0DE1F /* Base */ = {isa = PBXFileReference; lastKnownFileType = file.storyboard; name = Base; path = Base.lproj/Launch.storyboard; sourceTree = "<group>"; };
		B4297F191EF2D5FF00A0DE1F /* Base */ = {isa = PBXFileReference; lastKnownFileType = file.storyboard; name = Base; path = Base.lproj/Application.storyboard; sourceTree = "<group>"; };
		B4297F1C1EF2D63C00A0DE1F /* ApplicationViewController.swift */ = {isa = PBXFileReference; fileEncoding = 4; lastKnownFileType = sourcecode.swift; path = ApplicationViewController.swift; sourceTree = "<group>"; };
		B45316521EF83E0A004A8FD9 /* PatientDetailViewController.swift */ = {isa = PBXFileReference; fileEncoding = 4; lastKnownFileType = sourcecode.swift; path = PatientDetailViewController.swift; sourceTree = "<group>"; };
		B45316541EF847EB004A8FD9 /* NoSelectionViewController.swift */ = {isa = PBXFileReference; fileEncoding = 4; lastKnownFileType = sourcecode.swift; path = NoSelectionViewController.swift; sourceTree = "<group>"; };
		B45316561EF84D46004A8FD9 /* UIViewController+Portal.swift */ = {isa = PBXFileReference; fileEncoding = 4; lastKnownFileType = sourcecode.swift; path = "UIViewController+Portal.swift"; sourceTree = "<group>"; };
		B45316581EF84F87004A8FD9 /* PatientMasterNavController.swift */ = {isa = PBXFileReference; fileEncoding = 4; lastKnownFileType = sourcecode.swift; path = PatientMasterNavController.swift; sourceTree = "<group>"; };
		B453165A1EF97A7D004A8FD9 /* InterventionCell.swift */ = {isa = PBXFileReference; fileEncoding = 4; lastKnownFileType = sourcecode.swift; path = InterventionCell.swift; sourceTree = "<group>"; };
		B46FEA1A1EFB03C900F9D09E /* AssessmentCell.swift */ = {isa = PBXFileReference; fileEncoding = 4; lastKnownFileType = sourcecode.swift; path = AssessmentCell.swift; sourceTree = "<group>"; };
		B46FEA1D1EFC15C100F9D09E /* AssessmentTasks.swift */ = {isa = PBXFileReference; fileEncoding = 4; lastKnownFileType = sourcecode.swift; path = AssessmentTasks.swift; sourceTree = "<group>"; };
		B499F9EB1F01568900A76098 /* Date+Portal.swift */ = {isa = PBXFileReference; fileEncoding = 4; lastKnownFileType = sourcecode.swift; path = "Date+Portal.swift"; sourceTree = "<group>"; };
		B499F9ED1F016D8000A76098 /* ActivitiesHeader.swift */ = {isa = PBXFileReference; fileEncoding = 4; lastKnownFileType = sourcecode.swift; path = ActivitiesHeader.swift; sourceTree = "<group>"; };
		B499F9EF1F0179CE00A76098 /* NewActivityTasks.swift */ = {isa = PBXFileReference; fileEncoding = 4; lastKnownFileType = sourcecode.swift; path = NewActivityTasks.swift; sourceTree = "<group>"; };
		B4C2BE1B1EF823D200E70A31 /* ActiviesViewController.swift */ = {isa = PBXFileReference; fileEncoding = 4; lastKnownFileType = sourcecode.swift; path = ActiviesViewController.swift; sourceTree = "<group>"; };
		B4C2BE1D1EF8328100E70A31 /* PatientDetailNavController.swift */ = {isa = PBXFileReference; fileEncoding = 4; lastKnownFileType = sourcecode.swift; path = PatientDetailNavController.swift; sourceTree = "<group>"; };
		B7D0E29578B809FC4C0276D6 /* Pods-BackPortalTests.release.xcconfig */ = {isa = PBXFileReference; includeInIndex = 1; lastKnownFileType = text.xcconfig; name = "Pods-BackPortalTests.release.xcconfig"; path = "Pods/Target Support Files/Pods-BackPortalTests/Pods-BackPortalTests.release.xcconfig"; sourceTree = "<group>"; };
		BBB4850FC2AFCB732D18AAF8 /* Pods_BackPortalTests.framework */ = {isa = PBXFileReference; explicitFileType = wrapper.framework; includeInIndex = 0; path = Pods_BackPortalTests.framework; sourceTree = BUILT_PRODUCTS_DIR; };
		E25F22207946ED8182DCFB92 /* Pods-BackPortal.debug.xcconfig */ = {isa = PBXFileReference; includeInIndex = 1; lastKnownFileType = text.xcconfig; name = "Pods-BackPortal.debug.xcconfig"; path = "Pods/Target Support Files/Pods-BackPortal/Pods-BackPortal.debug.xcconfig"; sourceTree = "<group>"; };
		E323D08A8D5536BDC35AA052 /* Pods-BackPortalUITests.release.xcconfig */ = {isa = PBXFileReference; includeInIndex = 1; lastKnownFileType = text.xcconfig; name = "Pods-BackPortalUITests.release.xcconfig"; path = "Pods/Target Support Files/Pods-BackPortalUITests/Pods-BackPortalUITests.release.xcconfig"; sourceTree = "<group>"; };
		F3D17AF8B8EBBB1590E6F51C /* Pods-BackPortal.release.xcconfig */ = {isa = PBXFileReference; includeInIndex = 1; lastKnownFileType = text.xcconfig; name = "Pods-BackPortal.release.xcconfig"; path = "Pods/Target Support Files/Pods-BackPortal/Pods-BackPortal.release.xcconfig"; sourceTree = "<group>"; };
/* End PBXFileReference section */

/* Begin PBXFrameworksBuildPhase section */
		B4297ED61EF2D1D300A0DE1F /* Frameworks */ = {
			isa = PBXFrameworksBuildPhase;
			buildActionMask = 2147483647;
			files = (
				995FB5B058816FAAFF7AFD43 /* Pods_BackPortal.framework in Frameworks */,
			);
			runOnlyForDeploymentPostprocessing = 0;
		};
		B4297EEA1EF2D1D300A0DE1F /* Frameworks */ = {
			isa = PBXFrameworksBuildPhase;
			buildActionMask = 2147483647;
			files = (
				62E0C9B8F175D9C2BDBA1489 /* Pods_BackPortalTests.framework in Frameworks */,
			);
			runOnlyForDeploymentPostprocessing = 0;
		};
		B4297EF51EF2D1D300A0DE1F /* Frameworks */ = {
			isa = PBXFrameworksBuildPhase;
			buildActionMask = 2147483647;
			files = (
				E3E647F8FB412EE4983BFCCF /* Pods_BackPortalUITests.framework in Frameworks */,
			);
			runOnlyForDeploymentPostprocessing = 0;
		};
/* End PBXFrameworksBuildPhase section */

/* Begin PBXGroup section */
		4B5E7C17832956F062C0B712 /* Pods */ = {
			isa = PBXGroup;
			children = (
				E25F22207946ED8182DCFB92 /* Pods-BackPortal.debug.xcconfig */,
				F3D17AF8B8EBBB1590E6F51C /* Pods-BackPortal.release.xcconfig */,
				75148C20DE6AC9B502B9E0BF /* Pods-BackPortalTests.debug.xcconfig */,
				B7D0E29578B809FC4C0276D6 /* Pods-BackPortalTests.release.xcconfig */,
				0E9C3BFA2CE229F514A208F4 /* Pods-BackPortalUITests.debug.xcconfig */,
				E323D08A8D5536BDC35AA052 /* Pods-BackPortalUITests.release.xcconfig */,
			);
			name = Pods;
			sourceTree = "<group>";
		};
		82E8FE081C85F06D3C300F3D /* Frameworks */ = {
			isa = PBXGroup;
			children = (
				A474FD433B318CE2030B2915 /* Pods_BackPortal.framework */,
				BBB4850FC2AFCB732D18AAF8 /* Pods_BackPortalTests.framework */,
				6B9CB4F026613D1FC355F9B5 /* Pods_BackPortalUITests.framework */,
			);
			name = Frameworks;
			sourceTree = "<group>";
		};
		B41DC00D1EF2D9A000B7DAE9 /* Lib */ = {
			isa = PBXGroup;
			children = (
				B41DC00E1EF2D9CC00B7DAE9 /* PortalSecrets.swift */,
				B41DC0151EF2DE3D00B7DAE9 /* DispatchUtils.swift */,
				B41DC0191EF2E3F200B7DAE9 /* AlertUtils.swift */,
				B499F9EB1F01568900A76098 /* Date+Portal.swift */,
			);
			path = Lib;
			sourceTree = "<group>";
		};
		B4297ED01EF2D1D300A0DE1F = {
			isa = PBXGroup;
			children = (
				B4297EDB1EF2D1D300A0DE1F /* BackPortal */,
				B4297EF01EF2D1D300A0DE1F /* BackPortalTests */,
				B4297EFB1EF2D1D300A0DE1F /* BackPortalUITests */,
				B4297EDA1EF2D1D300A0DE1F /* Products */,
				4B5E7C17832956F062C0B712 /* Pods */,
				82E8FE081C85F06D3C300F3D /* Frameworks */,
			);
			sourceTree = "<group>";
		};
		B4297EDA1EF2D1D300A0DE1F /* Products */ = {
			isa = PBXGroup;
			children = (
				B4297ED91EF2D1D300A0DE1F /* BackPortal.app */,
				B4297EED1EF2D1D300A0DE1F /* BackPortalTests.xctest */,
				B4297EF81EF2D1D300A0DE1F /* BackPortalUITests.xctest */,
			);
			name = Products;
			sourceTree = "<group>";
		};
		B4297EDB1EF2D1D300A0DE1F /* BackPortal */ = {
			isa = PBXGroup;
			children = (
				B46FEA1C1EFC15A400F9D09E /* Models */,
				B4297F0B1EF2D41F00A0DE1F /* Views */,
				B4297F1B1EF2D61D00A0DE1F /* ViewControllers */,
				B41DC00D1EF2D9A000B7DAE9 /* Lib */,
				B4297F0A1EF2D39B00A0DE1F /* SupportingFiles */,
			);
			path = BackPortal;
			sourceTree = "<group>";
		};
		B4297EF01EF2D1D300A0DE1F /* BackPortalTests */ = {
			isa = PBXGroup;
			children = (
				B4297EF11EF2D1D300A0DE1F /* BackPortalTests.swift */,
				B4297EF31EF2D1D300A0DE1F /* Info.plist */,
			);
			path = BackPortalTests;
			sourceTree = "<group>";
		};
		B4297EFB1EF2D1D300A0DE1F /* BackPortalUITests */ = {
			isa = PBXGroup;
			children = (
				B4297EFC1EF2D1D300A0DE1F /* BackPortalUITests.swift */,
				B4297EFE1EF2D1D300A0DE1F /* Info.plist */,
			);
			path = BackPortalUITests;
			sourceTree = "<group>";
		};
		B4297F0A1EF2D39B00A0DE1F /* SupportingFiles */ = {
			isa = PBXGroup;
			children = (
				B4297EDC1EF2D1D300A0DE1F /* PortalAppDelegate.swift */,
				B4297EE81EF2D1D300A0DE1F /* Info.plist */,
			);
			path = SupportingFiles;
			sourceTree = "<group>";
		};
		B4297F0B1EF2D41F00A0DE1F /* Views */ = {
			isa = PBXGroup;
			children = (
				B4297EE31EF2D1D300A0DE1F /* Assets.xcassets */,
				B4297F151EF2D4D500A0DE1F /* Launch.storyboard */,
				B4297F1A1EF2D5FF00A0DE1F /* Application.storyboard */,
				B41DC0141EF2DDB800B7DAE9 /* Authentication.storyboard */,
				B41DC01F1EF2FAC900B7DAE9 /* MainPanel.storyboard */,
				B41DC0261EF2FD9100B7DAE9 /* Account.storyboard */,
				B41DC02D1EF324E500B7DAE9 /* Patients.storyboard */,
				B41DC0321EF3306900B7DAE9 /* PatientCell.swift */,
				B453165A1EF97A7D004A8FD9 /* InterventionCell.swift */,
				B46FEA1A1EFB03C900F9D09E /* AssessmentCell.swift */,
				B499F9ED1F016D8000A76098 /* ActivitiesHeader.swift */,
			);
			path = Views;
			sourceTree = "<group>";
		};
		B4297F1B1EF2D61D00A0DE1F /* ViewControllers */ = {
			isa = PBXGroup;
			children = (
				B45316561EF84D46004A8FD9 /* UIViewController+Portal.swift */,
				B4297F1C1EF2D63C00A0DE1F /* ApplicationViewController.swift */,
				B41DC0171EF2DF5900B7DAE9 /* AuthViewController.swift */,
				B41DC0201EF2FB6500B7DAE9 /* MainPanelViewController.swift */,
				B41DC0271EF2FE0600B7DAE9 /* AccountViewController.swift */,
				B41DC02E1EF325E600B7DAE9 /* PatientSplitViewController.swift */,
				B45316581EF84F87004A8FD9 /* PatientMasterNavController.swift */,
				B41DC0301EF32A8B00B7DAE9 /* PatientListViewController.swift */,
				B45316541EF847EB004A8FD9 /* NoSelectionViewController.swift */,
				B4C2BE1D1EF8328100E70A31 /* PatientDetailNavController.swift */,
				B45316521EF83E0A004A8FD9 /* PatientDetailViewController.swift */,
				B4C2BE1B1EF823D200E70A31 /* ActiviesViewController.swift */,
			);
			path = ViewControllers;
			sourceTree = "<group>";
		};
		B46FEA1C1EFC15A400F9D09E /* Models */ = {
			isa = PBXGroup;
			children = (
				B46FEA1D1EFC15C100F9D09E /* AssessmentTasks.swift */,
				B499F9EF1F0179CE00A76098 /* NewActivityTasks.swift */,
			);
			path = Models;
			sourceTree = "<group>";
		};
/* End PBXGroup section */

/* Begin PBXNativeTarget section */
		B4297ED81EF2D1D300A0DE1F /* BackPortal */ = {
			isa = PBXNativeTarget;
			buildConfigurationList = B4297F011EF2D1D300A0DE1F /* Build configuration list for PBXNativeTarget "BackPortal" */;
			buildPhases = (
				0411F93FDDEBD798EB47326D /* [CP] Check Pods Manifest.lock */,
				B4297ED51EF2D1D300A0DE1F /* Sources */,
				B4297ED61EF2D1D300A0DE1F /* Frameworks */,
				B4297ED71EF2D1D300A0DE1F /* Resources */,
				BD574403731B51AF63F90C9E /* [CP] Embed Pods Frameworks */,
				1CA3E31D67622405650C4C34 /* [CP] Copy Pods Resources */,
			);
			buildRules = (
			);
			dependencies = (
			);
			name = BackPortal;
			productName = BackPortal;
			productReference = B4297ED91EF2D1D300A0DE1F /* BackPortal.app */;
			productType = "com.apple.product-type.application";
		};
		B4297EEC1EF2D1D300A0DE1F /* BackPortalTests */ = {
			isa = PBXNativeTarget;
			buildConfigurationList = B4297F041EF2D1D300A0DE1F /* Build configuration list for PBXNativeTarget "BackPortalTests" */;
			buildPhases = (
				60B844DC7DDA021E8E2E5C36 /* [CP] Check Pods Manifest.lock */,
				B4297EE91EF2D1D300A0DE1F /* Sources */,
				B4297EEA1EF2D1D300A0DE1F /* Frameworks */,
				B4297EEB1EF2D1D300A0DE1F /* Resources */,
				E1B9F81A73D42DAB11D28ECE /* [CP] Embed Pods Frameworks */,
				2E350039E03AEC010F11FD6A /* [CP] Copy Pods Resources */,
			);
			buildRules = (
			);
			dependencies = (
				B4297EEF1EF2D1D300A0DE1F /* PBXTargetDependency */,
			);
			name = BackPortalTests;
			productName = BackPortalTests;
			productReference = B4297EED1EF2D1D300A0DE1F /* BackPortalTests.xctest */;
			productType = "com.apple.product-type.bundle.unit-test";
		};
		B4297EF71EF2D1D300A0DE1F /* BackPortalUITests */ = {
			isa = PBXNativeTarget;
			buildConfigurationList = B4297F071EF2D1D300A0DE1F /* Build configuration list for PBXNativeTarget "BackPortalUITests" */;
			buildPhases = (
				EE8D9DD3A9D9AA6D723BFFA1 /* [CP] Check Pods Manifest.lock */,
				B4297EF41EF2D1D300A0DE1F /* Sources */,
				B4297EF51EF2D1D300A0DE1F /* Frameworks */,
				B4297EF61EF2D1D300A0DE1F /* Resources */,
				FCF6355FAB59F6C8ED9D68F4 /* [CP] Embed Pods Frameworks */,
				710A949DBB7293C61BA5EEEA /* [CP] Copy Pods Resources */,
			);
			buildRules = (
			);
			dependencies = (
				B4297EFA1EF2D1D300A0DE1F /* PBXTargetDependency */,
			);
			name = BackPortalUITests;
			productName = BackPortalUITests;
			productReference = B4297EF81EF2D1D300A0DE1F /* BackPortalUITests.xctest */;
			productType = "com.apple.product-type.bundle.ui-testing";
		};
/* End PBXNativeTarget section */

/* Begin PBXProject section */
		B4297ED11EF2D1D300A0DE1F /* Project object */ = {
			isa = PBXProject;
			attributes = {
				LastSwiftUpdateCheck = 0830;
				LastUpgradeCheck = 0830;
				ORGANIZATIONNAME = CloudMine;
				TargetAttributes = {
					B4297ED81EF2D1D300A0DE1F = {
						CreatedOnToolsVersion = 8.3.2;
						DevelopmentTeam = J3HE3B52AJ;
						ProvisioningStyle = Automatic;
					};
					B4297EEC1EF2D1D300A0DE1F = {
						CreatedOnToolsVersion = 8.3.2;
						ProvisioningStyle = Automatic;
						TestTargetID = B4297ED81EF2D1D300A0DE1F;
					};
					B4297EF71EF2D1D300A0DE1F = {
						CreatedOnToolsVersion = 8.3.2;
						ProvisioningStyle = Automatic;
						TestTargetID = B4297ED81EF2D1D300A0DE1F;
					};
				};
			};
			buildConfigurationList = B4297ED41EF2D1D300A0DE1F /* Build configuration list for PBXProject "BackPortal" */;
			compatibilityVersion = "Xcode 3.2";
			developmentRegion = English;
			hasScannedForEncodings = 0;
			knownRegions = (
				en,
				Base,
			);
			mainGroup = B4297ED01EF2D1D300A0DE1F;
			productRefGroup = B4297EDA1EF2D1D300A0DE1F /* Products */;
			projectDirPath = "";
			projectRoot = "";
			targets = (
				B4297ED81EF2D1D300A0DE1F /* BackPortal */,
				B4297EEC1EF2D1D300A0DE1F /* BackPortalTests */,
				B4297EF71EF2D1D300A0DE1F /* BackPortalUITests */,
			);
		};
/* End PBXProject section */

/* Begin PBXResourcesBuildPhase section */
		B4297ED71EF2D1D300A0DE1F /* Resources */ = {
			isa = PBXResourcesBuildPhase;
			buildActionMask = 2147483647;
			files = (
				B41DC0241EF2FD9100B7DAE9 /* Account.storyboard in Resources */,
				B41DC0121EF2DDB800B7DAE9 /* Authentication.storyboard in Resources */,
				B41DC02B1EF324E500B7DAE9 /* Patients.storyboard in Resources */,
				B4297EE41EF2D1D300A0DE1F /* Assets.xcassets in Resources */,
				B4297F131EF2D4D500A0DE1F /* Launch.storyboard in Resources */,
				B4297F181EF2D5FF00A0DE1F /* Application.storyboard in Resources */,
				B41DC01D1EF2FAC900B7DAE9 /* MainPanel.storyboard in Resources */,
			);
			runOnlyForDeploymentPostprocessing = 0;
		};
		B4297EEB1EF2D1D300A0DE1F /* Resources */ = {
			isa = PBXResourcesBuildPhase;
			buildActionMask = 2147483647;
			files = (
			);
			runOnlyForDeploymentPostprocessing = 0;
		};
		B4297EF61EF2D1D300A0DE1F /* Resources */ = {
			isa = PBXResourcesBuildPhase;
			buildActionMask = 2147483647;
			files = (
			);
			runOnlyForDeploymentPostprocessing = 0;
		};
/* End PBXResourcesBuildPhase section */

/* Begin PBXShellScriptBuildPhase section */
		0411F93FDDEBD798EB47326D /* [CP] Check Pods Manifest.lock */ = {
			isa = PBXShellScriptBuildPhase;
			buildActionMask = 2147483647;
			files = (
			);
			inputPaths = (
			);
			name = "[CP] Check Pods Manifest.lock";
			outputPaths = (
			);
			runOnlyForDeploymentPostprocessing = 0;
			shellPath = /bin/sh;
			shellScript = "diff \"${PODS_PODFILE_DIR_PATH}/Podfile.lock\" \"${PODS_ROOT}/Manifest.lock\" > /dev/null\nif [ $? != 0 ] ; then\n    # print error to STDERR\n    echo \"error: The sandbox is not in sync with the Podfile.lock. Run 'pod install' or update your CocoaPods installation.\" >&2\n    exit 1\nfi\n";
			showEnvVarsInLog = 0;
		};
		1CA3E31D67622405650C4C34 /* [CP] Copy Pods Resources */ = {
			isa = PBXShellScriptBuildPhase;
			buildActionMask = 2147483647;
			files = (
			);
			inputPaths = (
			);
			name = "[CP] Copy Pods Resources";
			outputPaths = (
			);
			runOnlyForDeploymentPostprocessing = 0;
			shellPath = /bin/sh;
			shellScript = "\"${SRCROOT}/Pods/Target Support Files/Pods-BackPortal/Pods-BackPortal-resources.sh\"\n";
			showEnvVarsInLog = 0;
		};
		2E350039E03AEC010F11FD6A /* [CP] Copy Pods Resources */ = {
			isa = PBXShellScriptBuildPhase;
			buildActionMask = 2147483647;
			files = (
			);
			inputPaths = (
			);
			name = "[CP] Copy Pods Resources";
			outputPaths = (
			);
			runOnlyForDeploymentPostprocessing = 0;
			shellPath = /bin/sh;
			shellScript = "\"${SRCROOT}/Pods/Target Support Files/Pods-BackPortalTests/Pods-BackPortalTests-resources.sh\"\n";
			showEnvVarsInLog = 0;
		};
		60B844DC7DDA021E8E2E5C36 /* [CP] Check Pods Manifest.lock */ = {
			isa = PBXShellScriptBuildPhase;
			buildActionMask = 2147483647;
			files = (
			);
			inputPaths = (
			);
			name = "[CP] Check Pods Manifest.lock";
			outputPaths = (
			);
			runOnlyForDeploymentPostprocessing = 0;
			shellPath = /bin/sh;
			shellScript = "diff \"${PODS_PODFILE_DIR_PATH}/Podfile.lock\" \"${PODS_ROOT}/Manifest.lock\" > /dev/null\nif [ $? != 0 ] ; then\n    # print error to STDERR\n    echo \"error: The sandbox is not in sync with the Podfile.lock. Run 'pod install' or update your CocoaPods installation.\" >&2\n    exit 1\nfi\n";
			showEnvVarsInLog = 0;
		};
		710A949DBB7293C61BA5EEEA /* [CP] Copy Pods Resources */ = {
			isa = PBXShellScriptBuildPhase;
			buildActionMask = 2147483647;
			files = (
			);
			inputPaths = (
			);
			name = "[CP] Copy Pods Resources";
			outputPaths = (
			);
			runOnlyForDeploymentPostprocessing = 0;
			shellPath = /bin/sh;
			shellScript = "\"${SRCROOT}/Pods/Target Support Files/Pods-BackPortalUITests/Pods-BackPortalUITests-resources.sh\"\n";
			showEnvVarsInLog = 0;
		};
		BD574403731B51AF63F90C9E /* [CP] Embed Pods Frameworks */ = {
			isa = PBXShellScriptBuildPhase;
			buildActionMask = 2147483647;
			files = (
			);
			inputPaths = (
			);
			name = "[CP] Embed Pods Frameworks";
			outputPaths = (
			);
			runOnlyForDeploymentPostprocessing = 0;
			shellPath = /bin/sh;
			shellScript = "\"${SRCROOT}/Pods/Target Support Files/Pods-BackPortal/Pods-BackPortal-frameworks.sh\"\n";
			showEnvVarsInLog = 0;
		};
		E1B9F81A73D42DAB11D28ECE /* [CP] Embed Pods Frameworks */ = {
			isa = PBXShellScriptBuildPhase;
			buildActionMask = 2147483647;
			files = (
			);
			inputPaths = (
			);
			name = "[CP] Embed Pods Frameworks";
			outputPaths = (
			);
			runOnlyForDeploymentPostprocessing = 0;
			shellPath = /bin/sh;
			shellScript = "\"${SRCROOT}/Pods/Target Support Files/Pods-BackPortalTests/Pods-BackPortalTests-frameworks.sh\"\n";
			showEnvVarsInLog = 0;
		};
		EE8D9DD3A9D9AA6D723BFFA1 /* [CP] Check Pods Manifest.lock */ = {
			isa = PBXShellScriptBuildPhase;
			buildActionMask = 2147483647;
			files = (
			);
			inputPaths = (
			);
			name = "[CP] Check Pods Manifest.lock";
			outputPaths = (
			);
			runOnlyForDeploymentPostprocessing = 0;
			shellPath = /bin/sh;
			shellScript = "diff \"${PODS_PODFILE_DIR_PATH}/Podfile.lock\" \"${PODS_ROOT}/Manifest.lock\" > /dev/null\nif [ $? != 0 ] ; then\n    # print error to STDERR\n    echo \"error: The sandbox is not in sync with the Podfile.lock. Run 'pod install' or update your CocoaPods installation.\" >&2\n    exit 1\nfi\n";
			showEnvVarsInLog = 0;
		};
		FCF6355FAB59F6C8ED9D68F4 /* [CP] Embed Pods Frameworks */ = {
			isa = PBXShellScriptBuildPhase;
			buildActionMask = 2147483647;
			files = (
			);
			inputPaths = (
			);
			name = "[CP] Embed Pods Frameworks";
			outputPaths = (
			);
			runOnlyForDeploymentPostprocessing = 0;
			shellPath = /bin/sh;
			shellScript = "\"${SRCROOT}/Pods/Target Support Files/Pods-BackPortalUITests/Pods-BackPortalUITests-frameworks.sh\"\n";
			showEnvVarsInLog = 0;
		};
/* End PBXShellScriptBuildPhase section */

/* Begin PBXSourcesBuildPhase section */
		B4297ED51EF2D1D300A0DE1F /* Sources */ = {
			isa = PBXSourcesBuildPhase;
			buildActionMask = 2147483647;
			files = (
				B45316551EF847EB004A8FD9 /* NoSelectionViewController.swift in Sources */,
				B499F9EC1F01568900A76098 /* Date+Portal.swift in Sources */,
				B4297EDD1EF2D1D300A0DE1F /* PortalAppDelegate.swift in Sources */,
				B45316571EF84D46004A8FD9 /* UIViewController+Portal.swift in Sources */,
				B45316531EF83E0A004A8FD9 /* PatientDetailViewController.swift in Sources */,
				B4297F1D1EF2D63C00A0DE1F /* ApplicationViewController.swift in Sources */,
				B4C2BE1C1EF823D200E70A31 /* ActiviesViewController.swift in Sources */,
				B41DC0311EF32A8B00B7DAE9 /* PatientListViewController.swift in Sources */,
				B41DC0281EF2FE0600B7DAE9 /* AccountViewController.swift in Sources */,
				B453165B1EF97A7D004A8FD9 /* InterventionCell.swift in Sources */,
				B41DC01A1EF2E3F200B7DAE9 /* AlertUtils.swift in Sources */,
				B41DC0211EF2FB6500B7DAE9 /* MainPanelViewController.swift in Sources */,
				B4C2BE1E1EF8328100E70A31 /* PatientDetailNavController.swift in Sources */,
				B46FEA1E1EFC15C100F9D09E /* AssessmentTasks.swift in Sources */,
				B41DC0181EF2DF5900B7DAE9 /* AuthViewController.swift in Sources */,
				B41DC00F1EF2D9CC00B7DAE9 /* PortalSecrets.swift in Sources */,
				B46FEA1B1EFB03C900F9D09E /* AssessmentCell.swift in Sources */,
				B45316591EF84F87004A8FD9 /* PatientMasterNavController.swift in Sources */,
				B41DC0331EF3306900B7DAE9 /* PatientCell.swift in Sources */,
				B499F9F01F0179CE00A76098 /* NewActivityTasks.swift in Sources */,
				B499F9EE1F016D8000A76098 /* ActivitiesHeader.swift in Sources */,
				B41DC0161EF2DE3D00B7DAE9 /* DispatchUtils.swift in Sources */,
				B41DC02F1EF325E600B7DAE9 /* PatientSplitViewController.swift in Sources */,
			);
			runOnlyForDeploymentPostprocessing = 0;
		};
		B4297EE91EF2D1D300A0DE1F /* Sources */ = {
			isa = PBXSourcesBuildPhase;
			buildActionMask = 2147483647;
			files = (
				B4297EF21EF2D1D300A0DE1F /* BackPortalTests.swift in Sources */,
			);
			runOnlyForDeploymentPostprocessing = 0;
		};
		B4297EF41EF2D1D300A0DE1F /* Sources */ = {
			isa = PBXSourcesBuildPhase;
			buildActionMask = 2147483647;
			files = (
				B4297EFD1EF2D1D300A0DE1F /* BackPortalUITests.swift in Sources */,
			);
			runOnlyForDeploymentPostprocessing = 0;
		};
/* End PBXSourcesBuildPhase section */

/* Begin PBXTargetDependency section */
		B4297EEF1EF2D1D300A0DE1F /* PBXTargetDependency */ = {
			isa = PBXTargetDependency;
			target = B4297ED81EF2D1D300A0DE1F /* BackPortal */;
			targetProxy = B4297EEE1EF2D1D300A0DE1F /* PBXContainerItemProxy */;
		};
		B4297EFA1EF2D1D300A0DE1F /* PBXTargetDependency */ = {
			isa = PBXTargetDependency;
			target = B4297ED81EF2D1D300A0DE1F /* BackPortal */;
			targetProxy = B4297EF91EF2D1D300A0DE1F /* PBXContainerItemProxy */;
		};
/* End PBXTargetDependency section */

/* Begin PBXVariantGroup section */
		B41DC0141EF2DDB800B7DAE9 /* Authentication.storyboard */ = {
			isa = PBXVariantGroup;
			children = (
				B41DC0131EF2DDB800B7DAE9 /* Base */,
			);
			name = Authentication.storyboard;
			sourceTree = "<group>";
		};
		B41DC01F1EF2FAC900B7DAE9 /* MainPanel.storyboard */ = {
			isa = PBXVariantGroup;
			children = (
				B41DC01E1EF2FAC900B7DAE9 /* Base */,
			);
			name = MainPanel.storyboard;
			sourceTree = "<group>";
		};
		B41DC0261EF2FD9100B7DAE9 /* Account.storyboard */ = {
			isa = PBXVariantGroup;
			children = (
				B41DC0251EF2FD9100B7DAE9 /* Base */,
			);
			name = Account.storyboard;
			sourceTree = "<group>";
		};
		B41DC02D1EF324E500B7DAE9 /* Patients.storyboard */ = {
			isa = PBXVariantGroup;
			children = (
				B41DC02C1EF324E500B7DAE9 /* Base */,
			);
			name = Patients.storyboard;
			sourceTree = "<group>";
		};
		B4297F151EF2D4D500A0DE1F /* Launch.storyboard */ = {
			isa = PBXVariantGroup;
			children = (
				B4297F141EF2D4D500A0DE1F /* Base */,
			);
			name = Launch.storyboard;
			sourceTree = "<group>";
		};
		B4297F1A1EF2D5FF00A0DE1F /* Application.storyboard */ = {
			isa = PBXVariantGroup;
			children = (
				B4297F191EF2D5FF00A0DE1F /* Base */,
			);
			name = Application.storyboard;
			sourceTree = "<group>";
		};
/* End PBXVariantGroup section */

/* Begin XCBuildConfiguration section */
		B4297EFF1EF2D1D300A0DE1F /* Debug */ = {
			isa = XCBuildConfiguration;
			buildSettings = {
				ALWAYS_SEARCH_USER_PATHS = NO;
				CLANG_ANALYZER_NONNULL = YES;
				CLANG_ANALYZER_NUMBER_OBJECT_CONVERSION = YES_AGGRESSIVE;
				CLANG_CXX_LANGUAGE_STANDARD = "gnu++0x";
				CLANG_CXX_LIBRARY = "libc++";
				CLANG_ENABLE_MODULES = YES;
				CLANG_ENABLE_OBJC_ARC = YES;
				CLANG_WARN_BOOL_CONVERSION = YES;
				CLANG_WARN_CONSTANT_CONVERSION = YES;
				CLANG_WARN_DIRECT_OBJC_ISA_USAGE = YES_ERROR;
				CLANG_WARN_DOCUMENTATION_COMMENTS = YES;
				CLANG_WARN_EMPTY_BODY = YES;
				CLANG_WARN_ENUM_CONVERSION = YES;
				CLANG_WARN_INFINITE_RECURSION = YES;
				CLANG_WARN_INT_CONVERSION = YES;
				CLANG_WARN_OBJC_ROOT_CLASS = YES_ERROR;
				CLANG_WARN_SUSPICIOUS_MOVE = YES;
				CLANG_WARN_UNREACHABLE_CODE = YES;
				CLANG_WARN__DUPLICATE_METHOD_MATCH = YES;
				"CODE_SIGN_IDENTITY[sdk=iphoneos*]" = "iPhone Developer";
				COPY_PHASE_STRIP = NO;
				DEBUG_INFORMATION_FORMAT = dwarf;
				ENABLE_STRICT_OBJC_MSGSEND = YES;
				ENABLE_TESTABILITY = YES;
				GCC_C_LANGUAGE_STANDARD = gnu99;
				GCC_DYNAMIC_NO_PIC = NO;
				GCC_NO_COMMON_BLOCKS = YES;
				GCC_OPTIMIZATION_LEVEL = 0;
				GCC_PREPROCESSOR_DEFINITIONS = (
					"DEBUG=1",
					"$(inherited)",
				);
				GCC_WARN_64_TO_32_BIT_CONVERSION = YES;
				GCC_WARN_ABOUT_RETURN_TYPE = YES_ERROR;
				GCC_WARN_UNDECLARED_SELECTOR = YES;
				GCC_WARN_UNINITIALIZED_AUTOS = YES_AGGRESSIVE;
				GCC_WARN_UNUSED_FUNCTION = YES;
				GCC_WARN_UNUSED_VARIABLE = YES;
				IPHONEOS_DEPLOYMENT_TARGET = 10.3;
				MTL_ENABLE_DEBUG_INFO = YES;
				ONLY_ACTIVE_ARCH = YES;
				SDKROOT = iphoneos;
				SWIFT_ACTIVE_COMPILATION_CONDITIONS = DEBUG;
				SWIFT_OPTIMIZATION_LEVEL = "-Onone";
				TARGETED_DEVICE_FAMILY = 2;
			};
			name = Debug;
		};
		B4297F001EF2D1D300A0DE1F /* Release */ = {
			isa = XCBuildConfiguration;
			buildSettings = {
				ALWAYS_SEARCH_USER_PATHS = NO;
				CLANG_ANALYZER_NONNULL = YES;
				CLANG_ANALYZER_NUMBER_OBJECT_CONVERSION = YES_AGGRESSIVE;
				CLANG_CXX_LANGUAGE_STANDARD = "gnu++0x";
				CLANG_CXX_LIBRARY = "libc++";
				CLANG_ENABLE_MODULES = YES;
				CLANG_ENABLE_OBJC_ARC = YES;
				CLANG_WARN_BOOL_CONVERSION = YES;
				CLANG_WARN_CONSTANT_CONVERSION = YES;
				CLANG_WARN_DIRECT_OBJC_ISA_USAGE = YES_ERROR;
				CLANG_WARN_DOCUMENTATION_COMMENTS = YES;
				CLANG_WARN_EMPTY_BODY = YES;
				CLANG_WARN_ENUM_CONVERSION = YES;
				CLANG_WARN_INFINITE_RECURSION = YES;
				CLANG_WARN_INT_CONVERSION = YES;
				CLANG_WARN_OBJC_ROOT_CLASS = YES_ERROR;
				CLANG_WARN_SUSPICIOUS_MOVE = YES;
				CLANG_WARN_UNREACHABLE_CODE = YES;
				CLANG_WARN__DUPLICATE_METHOD_MATCH = YES;
				"CODE_SIGN_IDENTITY[sdk=iphoneos*]" = "iPhone Developer";
				COPY_PHASE_STRIP = NO;
				DEBUG_INFORMATION_FORMAT = "dwarf-with-dsym";
				ENABLE_NS_ASSERTIONS = NO;
				ENABLE_STRICT_OBJC_MSGSEND = YES;
				GCC_C_LANGUAGE_STANDARD = gnu99;
				GCC_NO_COMMON_BLOCKS = YES;
				GCC_WARN_64_TO_32_BIT_CONVERSION = YES;
				GCC_WARN_ABOUT_RETURN_TYPE = YES_ERROR;
				GCC_WARN_UNDECLARED_SELECTOR = YES;
				GCC_WARN_UNINITIALIZED_AUTOS = YES_AGGRESSIVE;
				GCC_WARN_UNUSED_FUNCTION = YES;
				GCC_WARN_UNUSED_VARIABLE = YES;
				IPHONEOS_DEPLOYMENT_TARGET = 10.3;
				MTL_ENABLE_DEBUG_INFO = NO;
				SDKROOT = iphoneos;
				SWIFT_OPTIMIZATION_LEVEL = "-Owholemodule";
				TARGETED_DEVICE_FAMILY = 2;
				VALIDATE_PRODUCT = YES;
			};
			name = Release;
		};
		B4297F021EF2D1D300A0DE1F /* Debug */ = {
			isa = XCBuildConfiguration;
			baseConfigurationReference = E25F22207946ED8182DCFB92 /* Pods-BackPortal.debug.xcconfig */;
			buildSettings = {
				ASSETCATALOG_COMPILER_APPICON_NAME = AppIcon;
				DEVELOPMENT_TEAM = J3HE3B52AJ;
				INFOPLIST_FILE = "$(SRCROOT)/BackPortal/SupportingFiles/Info.plist";
				IPHONEOS_DEPLOYMENT_TARGET = 10.3;
				LD_RUNPATH_SEARCH_PATHS = "$(inherited) @executable_path/Frameworks";
				PRODUCT_BUNDLE_IDENTIFIER = com.cloudmineinc.BackPortal;
				PRODUCT_NAME = "$(TARGET_NAME)";
				SWIFT_VERSION = 3.0;
			};
			name = Debug;
		};
		B4297F031EF2D1D300A0DE1F /* Release */ = {
			isa = XCBuildConfiguration;
			baseConfigurationReference = F3D17AF8B8EBBB1590E6F51C /* Pods-BackPortal.release.xcconfig */;
			buildSettings = {
				ASSETCATALOG_COMPILER_APPICON_NAME = AppIcon;
				DEVELOPMENT_TEAM = J3HE3B52AJ;
				INFOPLIST_FILE = "$(SRCROOT)/BackPortal/SupportingFiles/Info.plist";
				IPHONEOS_DEPLOYMENT_TARGET = 10.3;
				LD_RUNPATH_SEARCH_PATHS = "$(inherited) @executable_path/Frameworks";
				PRODUCT_BUNDLE_IDENTIFIER = com.cloudmineinc.BackPortal;
				PRODUCT_NAME = "$(TARGET_NAME)";
				SWIFT_VERSION = 3.0;
			};
			name = Release;
		};
		B4297F051EF2D1D300A0DE1F /* Debug */ = {
			isa = XCBuildConfiguration;
			baseConfigurationReference = 75148C20DE6AC9B502B9E0BF /* Pods-BackPortalTests.debug.xcconfig */;
			buildSettings = {
				ALWAYS_EMBED_SWIFT_STANDARD_LIBRARIES = YES;
				BUNDLE_LOADER = "$(TEST_HOST)";
				INFOPLIST_FILE = BackPortalTests/Info.plist;
				LD_RUNPATH_SEARCH_PATHS = "$(inherited) @executable_path/Frameworks @loader_path/Frameworks";
				PRODUCT_BUNDLE_IDENTIFIER = com.cloudmineinc.BackPortalTests;
				PRODUCT_NAME = "$(TARGET_NAME)";
				SWIFT_VERSION = 3.0;
				TEST_HOST = "$(BUILT_PRODUCTS_DIR)/BackPortal.app/BackPortal";
			};
			name = Debug;
		};
		B4297F061EF2D1D300A0DE1F /* Release */ = {
			isa = XCBuildConfiguration;
			baseConfigurationReference = B7D0E29578B809FC4C0276D6 /* Pods-BackPortalTests.release.xcconfig */;
			buildSettings = {
				ALWAYS_EMBED_SWIFT_STANDARD_LIBRARIES = YES;
				BUNDLE_LOADER = "$(TEST_HOST)";
				INFOPLIST_FILE = BackPortalTests/Info.plist;
				LD_RUNPATH_SEARCH_PATHS = "$(inherited) @executable_path/Frameworks @loader_path/Frameworks";
				PRODUCT_BUNDLE_IDENTIFIER = com.cloudmineinc.BackPortalTests;
				PRODUCT_NAME = "$(TARGET_NAME)";
				SWIFT_VERSION = 3.0;
				TEST_HOST = "$(BUILT_PRODUCTS_DIR)/BackPortal.app/BackPortal";
			};
			name = Release;
		};
		B4297F081EF2D1D300A0DE1F /* Debug */ = {
			isa = XCBuildConfiguration;
			baseConfigurationReference = 0E9C3BFA2CE229F514A208F4 /* Pods-BackPortalUITests.debug.xcconfig */;
			buildSettings = {
				ALWAYS_EMBED_SWIFT_STANDARD_LIBRARIES = YES;
				INFOPLIST_FILE = BackPortalUITests/Info.plist;
				LD_RUNPATH_SEARCH_PATHS = "$(inherited) @executable_path/Frameworks @loader_path/Frameworks";
				PRODUCT_BUNDLE_IDENTIFIER = com.cloudmineinc.BackPortalUITests;
				PRODUCT_NAME = "$(TARGET_NAME)";
				SWIFT_VERSION = 3.0;
				TEST_TARGET_NAME = BackPortal;
			};
			name = Debug;
		};
		B4297F091EF2D1D300A0DE1F /* Release */ = {
			isa = XCBuildConfiguration;
			baseConfigurationReference = E323D08A8D5536BDC35AA052 /* Pods-BackPortalUITests.release.xcconfig */;
			buildSettings = {
				ALWAYS_EMBED_SWIFT_STANDARD_LIBRARIES = YES;
				INFOPLIST_FILE = BackPortalUITests/Info.plist;
				LD_RUNPATH_SEARCH_PATHS = "$(inherited) @executable_path/Frameworks @loader_path/Frameworks";
				PRODUCT_BUNDLE_IDENTIFIER = com.cloudmineinc.BackPortalUITests;
				PRODUCT_NAME = "$(TARGET_NAME)";
				SWIFT_VERSION = 3.0;
				TEST_TARGET_NAME = BackPortal;
			};
			name = Release;
		};
/* End XCBuildConfiguration section */

/* Begin XCConfigurationList section */
		B4297ED41EF2D1D300A0DE1F /* Build configuration list for PBXProject "BackPortal" */ = {
			isa = XCConfigurationList;
			buildConfigurations = (
				B4297EFF1EF2D1D300A0DE1F /* Debug */,
				B4297F001EF2D1D300A0DE1F /* Release */,
			);
			defaultConfigurationIsVisible = 0;
			defaultConfigurationName = Release;
		};
		B4297F011EF2D1D300A0DE1F /* Build configuration list for PBXNativeTarget "BackPortal" */ = {
			isa = XCConfigurationList;
			buildConfigurations = (
				B4297F021EF2D1D300A0DE1F /* Debug */,
				B4297F031EF2D1D300A0DE1F /* Release */,
			);
			defaultConfigurationIsVisible = 0;
			defaultConfigurationName = Release;
		};
		B4297F041EF2D1D300A0DE1F /* Build configuration list for PBXNativeTarget "BackPortalTests" */ = {
			isa = XCConfigurationList;
			buildConfigurations = (
				B4297F051EF2D1D300A0DE1F /* Debug */,
				B4297F061EF2D1D300A0DE1F /* Release */,
			);
			defaultConfigurationIsVisible = 0;
			defaultConfigurationName = Release;
		};
		B4297F071EF2D1D300A0DE1F /* Build configuration list for PBXNativeTarget "BackPortalUITests" */ = {
			isa = XCConfigurationList;
			buildConfigurations = (
				B4297F081EF2D1D300A0DE1F /* Debug */,
				B4297F091EF2D1D300A0DE1F /* Release */,
			);
			defaultConfigurationIsVisible = 0;
			defaultConfigurationName = Release;
		};
/* End XCConfigurationList section */
	};
	rootObject = B4297ED11EF2D1D300A0DE1F /* Project object */;
}
